// !$*UTF8*$!
{
	archiveVersion = 1;
	classes = {
	};
	objectVersion = 56;
	objects = {

/* Begin PBXBuildFile section */
		2B8A634E28E393AA000FAB24 /* CharTCAApp.swift in Sources */ = {isa = PBXBuildFile; fileRef = 2B8A634D28E393AA000FAB24 /* CharTCAApp.swift */; };
		2B8A635028E393AA000FAB24 /* ContentView.swift in Sources */ = {isa = PBXBuildFile; fileRef = 2B8A634F28E393AA000FAB24 /* ContentView.swift */; };
		2B8A635228E393AB000FAB24 /* Assets.xcassets in Resources */ = {isa = PBXBuildFile; fileRef = 2B8A635128E393AB000FAB24 /* Assets.xcassets */; };
		2B8A635528E393AB000FAB24 /* Preview Assets.xcassets in Resources */ = {isa = PBXBuildFile; fileRef = 2B8A635428E393AB000FAB24 /* Preview Assets.xcassets */; };
		2B8A635F28E393AB000FAB24 /* CharTCATests.swift in Sources */ = {isa = PBXBuildFile; fileRef = 2B8A635E28E393AB000FAB24 /* CharTCATests.swift */; };
		2B8A636928E393AB000FAB24 /* CharTCAUITests.swift in Sources */ = {isa = PBXBuildFile; fileRef = 2B8A636828E393AB000FAB24 /* CharTCAUITests.swift */; };
		2B8A636B28E393AB000FAB24 /* CharTCAUITestsLaunchTests.swift in Sources */ = {isa = PBXBuildFile; fileRef = 2B8A636A28E393AB000FAB24 /* CharTCAUITestsLaunchTests.swift */; };
/* End PBXBuildFile section */

/* Begin PBXContainerItemProxy section */
		2B8A635B28E393AB000FAB24 /* PBXContainerItemProxy */ = {
			isa = PBXContainerItemProxy;
			containerPortal = 2B8A634228E393A9000FAB24 /* Project object */;
			proxyType = 1;
			remoteGlobalIDString = 2B8A634928E393AA000FAB24;
			remoteInfo = CharTCA;
		};
		2B8A636528E393AB000FAB24 /* PBXContainerItemProxy */ = {
			isa = PBXContainerItemProxy;
			containerPortal = 2B8A634228E393A9000FAB24 /* Project object */;
			proxyType = 1;
			remoteGlobalIDString = 2B8A634928E393AA000FAB24;
			remoteInfo = CharTCA;
		};
/* End PBXContainerItemProxy section */

/* Begin PBXFileReference section */
		2B8A634A28E393AA000FAB24 /* CharTCA.app */ = {isa = PBXFileReference; explicitFileType = wrapper.application; includeInIndex = 0; path = CharTCA.app; sourceTree = BUILT_PRODUCTS_DIR; };
		2B8A634D28E393AA000FAB24 /* CharTCAApp.swift */ = {isa = PBXFileReference; lastKnownFileType = sourcecode.swift; path = CharTCAApp.swift; sourceTree = "<group>"; };
		2B8A634F28E393AA000FAB24 /* ContentView.swift */ = {isa = PBXFileReference; lastKnownFileType = sourcecode.swift; path = ContentView.swift; sourceTree = "<group>"; };
		2B8A635128E393AB000FAB24 /* Assets.xcassets */ = {isa = PBXFileReference; lastKnownFileType = folder.assetcatalog; path = Assets.xcassets; sourceTree = "<group>"; };
		2B8A635428E393AB000FAB24 /* Preview Assets.xcassets */ = {isa = PBXFileReference; lastKnownFileType = folder.assetcatalog; path = "Preview Assets.xcassets"; sourceTree = "<group>"; };
		2B8A635A28E393AB000FAB24 /* CharTCATests.xctest */ = {isa = PBXFileReference; explicitFileType = wrapper.cfbundle; includeInIndex = 0; path = CharTCATests.xctest; sourceTree = BUILT_PRODUCTS_DIR; };
		2B8A635E28E393AB000FAB24 /* CharTCATests.swift */ = {isa = PBXFileReference; lastKnownFileType = sourcecode.swift; path = CharTCATests.swift; sourceTree = "<group>"; };
		2B8A636428E393AB000FAB24 /* CharTCAUITests.xctest */ = {isa = PBXFileReference; explicitFileType = wrapper.cfbundle; includeInIndex = 0; path = CharTCAUITests.xctest; sourceTree = BUILT_PRODUCTS_DIR; };
		2B8A636828E393AB000FAB24 /* CharTCAUITests.swift */ = {isa = PBXFileReference; lastKnownFileType = sourcecode.swift; path = CharTCAUITests.swift; sourceTree = "<group>"; };
		2B8A636A28E393AB000FAB24 /* CharTCAUITestsLaunchTests.swift */ = {isa = PBXFileReference; lastKnownFileType = sourcecode.swift; path = CharTCAUITestsLaunchTests.swift; sourceTree = "<group>"; };
/* End PBXFileReference section */

/* Begin PBXFrameworksBuildPhase section */
		2B8A634728E393AA000FAB24 /* Frameworks */ = {
			isa = PBXFrameworksBuildPhase;
			buildActionMask = 2147483647;
			files = (
			);
			runOnlyForDeploymentPostprocessing = 0;
		};
		2B8A635728E393AB000FAB24 /* Frameworks */ = {
			isa = PBXFrameworksBuildPhase;
			buildActionMask = 2147483647;
			files = (
			);
			runOnlyForDeploymentPostprocessing = 0;
		};
		2B8A636128E393AB000FAB24 /* Frameworks */ = {
			isa = PBXFrameworksBuildPhase;
			buildActionMask = 2147483647;
			files = (
			);
			runOnlyForDeploymentPostprocessing = 0;
		};
/* End PBXFrameworksBuildPhase section */

/* Begin PBXGroup section */
		2B8A634128E393A9000FAB24 = {
			isa = PBXGroup;
			children = (
				2B8A634C28E393AA000FAB24 /* CharTCA */,
				2B8A635D28E393AB000FAB24 /* CharTCATests */,
				2B8A636728E393AB000FAB24 /* CharTCAUITests */,
				2B8A634B28E393AA000FAB24 /* Products */,
			);
			sourceTree = "<group>";
		};
		2B8A634B28E393AA000FAB24 /* Products */ = {
			isa = PBXGroup;
			children = (
				2B8A634A28E393AA000FAB24 /* CharTCA.app */,
				2B8A635A28E393AB000FAB24 /* CharTCATests.xctest */,
				2B8A636428E393AB000FAB24 /* CharTCAUITests.xctest */,
			);
			name = Products;
			sourceTree = "<group>";
		};
		2B8A634C28E393AA000FAB24 /* CharTCA */ = {
			isa = PBXGroup;
			children = (
				2B8A634D28E393AA000FAB24 /* CharTCAApp.swift */,
				2B8A634F28E393AA000FAB24 /* ContentView.swift */,
				2B8A635128E393AB000FAB24 /* Assets.xcassets */,
				2B8A635328E393AB000FAB24 /* Preview Content */,
			);
			path = CharTCA;
			sourceTree = "<group>";
		};
		2B8A635328E393AB000FAB24 /* Preview Content */ = {
			isa = PBXGroup;
			children = (
				2B8A635428E393AB000FAB24 /* Preview Assets.xcassets */,
			);
			path = "Preview Content";
			sourceTree = "<group>";
		};
		2B8A635D28E393AB000FAB24 /* CharTCATests */ = {
			isa = PBXGroup;
			children = (
				2B8A635E28E393AB000FAB24 /* CharTCATests.swift */,
			);
			path = CharTCATests;
			sourceTree = "<group>";
		};
		2B8A636728E393AB000FAB24 /* CharTCAUITests */ = {
			isa = PBXGroup;
			children = (
				2B8A636828E393AB000FAB24 /* CharTCAUITests.swift */,
				2B8A636A28E393AB000FAB24 /* CharTCAUITestsLaunchTests.swift */,
			);
			path = CharTCAUITests;
			sourceTree = "<group>";
		};
/* End PBXGroup section */

/* Begin PBXNativeTarget section */
		2B8A634928E393AA000FAB24 /* CharTCA */ = {
			isa = PBXNativeTarget;
			buildConfigurationList = 2B8A636E28E393AB000FAB24 /* Build configuration list for PBXNativeTarget "CharTCA" */;
			buildPhases = (
				2B8A634628E393AA000FAB24 /* Sources */,
				2B8A634728E393AA000FAB24 /* Frameworks */,
				2B8A634828E393AA000FAB24 /* Resources */,
			);
			buildRules = (
			);
			dependencies = (
			);
			name = CharTCA;
			productName = CharTCA;
			productReference = 2B8A634A28E393AA000FAB24 /* CharTCA.app */;
			productType = "com.apple.product-type.application";
		};
		2B8A635928E393AB000FAB24 /* CharTCATests */ = {
			isa = PBXNativeTarget;
			buildConfigurationList = 2B8A637128E393AB000FAB24 /* Build configuration list for PBXNativeTarget "CharTCATests" */;
			buildPhases = (
				2B8A635628E393AB000FAB24 /* Sources */,
				2B8A635728E393AB000FAB24 /* Frameworks */,
				2B8A635828E393AB000FAB24 /* Resources */,
			);
			buildRules = (
			);
			dependencies = (
				2B8A635C28E393AB000FAB24 /* PBXTargetDependency */,
			);
			name = CharTCATests;
			productName = CharTCATests;
			productReference = 2B8A635A28E393AB000FAB24 /* CharTCATests.xctest */;
			productType = "com.apple.product-type.bundle.unit-test";
		};
		2B8A636328E393AB000FAB24 /* CharTCAUITests */ = {
			isa = PBXNativeTarget;
			buildConfigurationList = 2B8A637428E393AB000FAB24 /* Build configuration list for PBXNativeTarget "CharTCAUITests" */;
			buildPhases = (
				2B8A636028E393AB000FAB24 /* Sources */,
				2B8A636128E393AB000FAB24 /* Frameworks */,
				2B8A636228E393AB000FAB24 /* Resources */,
			);
			buildRules = (
			);
			dependencies = (
				2B8A636628E393AB000FAB24 /* PBXTargetDependency */,
			);
			name = CharTCAUITests;
			productName = CharTCAUITests;
			productReference = 2B8A636428E393AB000FAB24 /* CharTCAUITests.xctest */;
			productType = "com.apple.product-type.bundle.ui-testing";
		};
/* End PBXNativeTarget section */

/* Begin PBXProject section */
		2B8A634228E393A9000FAB24 /* Project object */ = {
			isa = PBXProject;
			attributes = {
				BuildIndependentTargetsInParallel = 1;
				LastSwiftUpdateCheck = 1400;
				LastUpgradeCheck = 1400;
				TargetAttributes = {
					2B8A634928E393AA000FAB24 = {
						CreatedOnToolsVersion = 14.0;
					};
					2B8A635928E393AB000FAB24 = {
						CreatedOnToolsVersion = 14.0;
						TestTargetID = 2B8A634928E393AA000FAB24;
					};
					2B8A636328E393AB000FAB24 = {
						CreatedOnToolsVersion = 14.0;
						TestTargetID = 2B8A634928E393AA000FAB24;
					};
				};
			};
			buildConfigurationList = 2B8A634528E393A9000FAB24 /* Build configuration list for PBXProject "CharTCA" */;
			compatibilityVersion = "Xcode 14.0";
			developmentRegion = en;
			hasScannedForEncodings = 0;
			knownRegions = (
				en,
				Base,
			);
			mainGroup = 2B8A634128E393A9000FAB24;
			productRefGroup = 2B8A634B28E393AA000FAB24 /* Products */;
			projectDirPath = "";
			projectRoot = "";
			targets = (
				2B8A634928E393AA000FAB24 /* CharTCA */,
				2B8A635928E393AB000FAB24 /* CharTCATests */,
				2B8A636328E393AB000FAB24 /* CharTCAUITests */,
			);
		};
/* End PBXProject section */

/* Begin PBXResourcesBuildPhase section */
		2B8A634828E393AA000FAB24 /* Resources */ = {
			isa = PBXResourcesBuildPhase;
			buildActionMask = 2147483647;
			files = (
				2B8A635528E393AB000FAB24 /* Preview Assets.xcassets in Resources */,
				2B8A635228E393AB000FAB24 /* Assets.xcassets in Resources */,
			);
			runOnlyForDeploymentPostprocessing = 0;
		};
		2B8A635828E393AB000FAB24 /* Resources */ = {
			isa = PBXResourcesBuildPhase;
			buildActionMask = 2147483647;
			files = (
			);
			runOnlyForDeploymentPostprocessing = 0;
		};
		2B8A636228E393AB000FAB24 /* Resources */ = {
			isa = PBXResourcesBuildPhase;
			buildActionMask = 2147483647;
			files = (
			);
			runOnlyForDeploymentPostprocessing = 0;
		};
/* End PBXResourcesBuildPhase section */

/* Begin PBXSourcesBuildPhase section */
		2B8A634628E393AA000FAB24 /* Sources */ = {
			isa = PBXSourcesBuildPhase;
			buildActionMask = 2147483647;
			files = (
				2B8A635028E393AA000FAB24 /* ContentView.swift in Sources */,
				2B8A634E28E393AA000FAB24 /* CharTCAApp.swift in Sources */,
			);
			runOnlyForDeploymentPostprocessing = 0;
		};
		2B8A635628E393AB000FAB24 /* Sources */ = {
			isa = PBXSourcesBuildPhase;
			buildActionMask = 2147483647;
			files = (
				2B8A635F28E393AB000FAB24 /* CharTCATests.swift in Sources */,
			);
			runOnlyForDeploymentPostprocessing = 0;
		};
		2B8A636028E393AB000FAB24 /* Sources */ = {
			isa = PBXSourcesBuildPhase;
			buildActionMask = 2147483647;
			files = (
				2B8A636928E393AB000FAB24 /* CharTCAUITests.swift in Sources */,
				2B8A636B28E393AB000FAB24 /* CharTCAUITestsLaunchTests.swift in Sources */,
			);
			runOnlyForDeploymentPostprocessing = 0;
		};
/* End PBXSourcesBuildPhase section */

/* Begin PBXTargetDependency section */
		2B8A635C28E393AB000FAB24 /* PBXTargetDependency */ = {
			isa = PBXTargetDependency;
			target = 2B8A634928E393AA000FAB24 /* CharTCA */;
			targetProxy = 2B8A635B28E393AB000FAB24 /* PBXContainerItemProxy */;
		};
		2B8A636628E393AB000FAB24 /* PBXTargetDependency */ = {
			isa = PBXTargetDependency;
			target = 2B8A634928E393AA000FAB24 /* CharTCA */;
			targetProxy = 2B8A636528E393AB000FAB24 /* PBXContainerItemProxy */;
		};
/* End PBXTargetDependency section */

/* Begin XCBuildConfiguration section */
		2B8A636C28E393AB000FAB24 /* Debug */ = {
			isa = XCBuildConfiguration;
			buildSettings = {
				ALWAYS_SEARCH_USER_PATHS = NO;
				CLANG_ANALYZER_NONNULL = YES;
				CLANG_ANALYZER_NUMBER_OBJECT_CONVERSION = YES_AGGRESSIVE;
				CLANG_CXX_LANGUAGE_STANDARD = "gnu++20";
				CLANG_ENABLE_MODULES = YES;
				CLANG_ENABLE_OBJC_ARC = YES;
				CLANG_ENABLE_OBJC_WEAK = YES;
				CLANG_WARN_BLOCK_CAPTURE_AUTORELEASING = YES;
				CLANG_WARN_BOOL_CONVERSION = YES;
				CLANG_WARN_COMMA = YES;
				CLANG_WARN_CONSTANT_CONVERSION = YES;
				CLANG_WARN_DEPRECATED_OBJC_IMPLEMENTATIONS = YES;
				CLANG_WARN_DIRECT_OBJC_ISA_USAGE = YES_ERROR;
				CLANG_WARN_DOCUMENTATION_COMMENTS = YES;
				CLANG_WARN_EMPTY_BODY = YES;
				CLANG_WARN_ENUM_CONVERSION = YES;
				CLANG_WARN_INFINITE_RECURSION = YES;
				CLANG_WARN_INT_CONVERSION = YES;
				CLANG_WARN_NON_LITERAL_NULL_CONVERSION = YES;
				CLANG_WARN_OBJC_IMPLICIT_RETAIN_SELF = YES;
				CLANG_WARN_OBJC_LITERAL_CONVERSION = YES;
				CLANG_WARN_OBJC_ROOT_CLASS = YES_ERROR;
				CLANG_WARN_QUOTED_INCLUDE_IN_FRAMEWORK_HEADER = YES;
				CLANG_WARN_RANGE_LOOP_ANALYSIS = YES;
				CLANG_WARN_STRICT_PROTOTYPES = YES;
				CLANG_WARN_SUSPICIOUS_MOVE = YES;
				CLANG_WARN_UNGUARDED_AVAILABILITY = YES_AGGRESSIVE;
				CLANG_WARN_UNREACHABLE_CODE = YES;
				CLANG_WARN__DUPLICATE_METHOD_MATCH = YES;
				COPY_PHASE_STRIP = NO;
				DEBUG_INFORMATION_FORMAT = dwarf;
				ENABLE_STRICT_OBJC_MSGSEND = YES;
				ENABLE_TESTABILITY = YES;
				GCC_C_LANGUAGE_STANDARD = gnu11;
				GCC_DYNAMIC_NO_PIC = NO;
				GCC_NO_COMMON_BLOCKS = YES;
				GCC_OPTIMIZATION_LEVEL = 0;
				GCC_PREPROCESSOR_DEFINITIONS = (
					"DEBUG=1",
					"$(inherited)",
				);
				GCC_WARN_64_TO_32_BIT_CONVERSION = YES;
				GCC_WARN_ABOUT_RETURN_TYPE = YES_ERROR;
				GCC_WARN_UNDECLARED_SELECTOR = YES;
				GCC_WARN_UNINITIALIZED_AUTOS = YES_AGGRESSIVE;
				GCC_WARN_UNUSED_FUNCTION = YES;
				GCC_WARN_UNUSED_VARIABLE = YES;
				IPHONEOS_DEPLOYMENT_TARGET = 16.0;
				MTL_ENABLE_DEBUG_INFO = INCLUDE_SOURCE;
				MTL_FAST_MATH = YES;
				ONLY_ACTIVE_ARCH = YES;
				SDKROOT = iphoneos;
				SWIFT_ACTIVE_COMPILATION_CONDITIONS = DEBUG;
				SWIFT_OPTIMIZATION_LEVEL = "-Onone";
			};
			name = Debug;
		};
		2B8A636D28E393AB000FAB24 /* Release */ = {
			isa = XCBuildConfiguration;
			buildSettings = {
				ALWAYS_SEARCH_USER_PATHS = NO;
				CLANG_ANALYZER_NONNULL = YES;
				CLANG_ANALYZER_NUMBER_OBJECT_CONVERSION = YES_AGGRESSIVE;
				CLANG_CXX_LANGUAGE_STANDARD = "gnu++20";
				CLANG_ENABLE_MODULES = YES;
				CLANG_ENABLE_OBJC_ARC = YES;
				CLANG_ENABLE_OBJC_WEAK = YES;
				CLANG_WARN_BLOCK_CAPTURE_AUTORELEASING = YES;
				CLANG_WARN_BOOL_CONVERSION = YES;
				CLANG_WARN_COMMA = YES;
				CLANG_WARN_CONSTANT_CONVERSION = YES;
				CLANG_WARN_DEPRECATED_OBJC_IMPLEMENTATIONS = YES;
				CLANG_WARN_DIRECT_OBJC_ISA_USAGE = YES_ERROR;
				CLANG_WARN_DOCUMENTATION_COMMENTS = YES;
				CLANG_WARN_EMPTY_BODY = YES;
				CLANG_WARN_ENUM_CONVERSION = YES;
				CLANG_WARN_INFINITE_RECURSION = YES;
				CLANG_WARN_INT_CONVERSION = YES;
				CLANG_WARN_NON_LITERAL_NULL_CONVERSION = YES;
				CLANG_WARN_OBJC_IMPLICIT_RETAIN_SELF = YES;
				CLANG_WARN_OBJC_LITERAL_CONVERSION = YES;
				CLANG_WARN_OBJC_ROOT_CLASS = YES_ERROR;
				CLANG_WARN_QUOTED_INCLUDE_IN_FRAMEWORK_HEADER = YES;
				CLANG_WARN_RANGE_LOOP_ANALYSIS = YES;
				CLANG_WARN_STRICT_PROTOTYPES = YES;
				CLANG_WARN_SUSPICIOUS_MOVE = YES;
				CLANG_WARN_UNGUARDED_AVAILABILITY = YES_AGGRESSIVE;
				CLANG_WARN_UNREACHABLE_CODE = YES;
				CLANG_WARN__DUPLICATE_METHOD_MATCH = YES;
				COPY_PHASE_STRIP = NO;
				DEBUG_INFORMATION_FORMAT = "dwarf-with-dsym";
				ENABLE_NS_ASSERTIONS = NO;
				ENABLE_STRICT_OBJC_MSGSEND = YES;
				GCC_C_LANGUAGE_STANDARD = gnu11;
				GCC_NO_COMMON_BLOCKS = YES;
				GCC_WARN_64_TO_32_BIT_CONVERSION = YES;
				GCC_WARN_ABOUT_RETURN_TYPE = YES_ERROR;
				GCC_WARN_UNDECLARED_SELECTOR = YES;
				GCC_WARN_UNINITIALIZED_AUTOS = YES_AGGRESSIVE;
				GCC_WARN_UNUSED_FUNCTION = YES;
				GCC_WARN_UNUSED_VARIABLE = YES;
				IPHONEOS_DEPLOYMENT_TARGET = 16.0;
				MTL_ENABLE_DEBUG_INFO = NO;
				MTL_FAST_MATH = YES;
				SDKROOT = iphoneos;
				SWIFT_COMPILATION_MODE = wholemodule;
				SWIFT_OPTIMIZATION_LEVEL = "-O";
				VALIDATE_PRODUCT = YES;
			};
			name = Release;
		};
		2B8A636F28E393AB000FAB24 /* Debug */ = {
			isa = XCBuildConfiguration;
			buildSettings = {
				ASSETCATALOG_COMPILER_APPICON_NAME = AppIcon;
				ASSETCATALOG_COMPILER_GLOBAL_ACCENT_COLOR_NAME = AccentColor;
				CODE_SIGN_STYLE = Automatic;
				CURRENT_PROJECT_VERSION = 1;
				DEVELOPMENT_ASSET_PATHS = "\"CharTCA/Preview Content\"";
				DEVELOPMENT_TEAM = AQUE4FE98B;
				ENABLE_PREVIEWS = YES;
				GENERATE_INFOPLIST_FILE = YES;
				INFOPLIST_KEY_UIApplicationSceneManifest_Generation = YES;
				INFOPLIST_KEY_UIApplicationSupportsIndirectInputEvents = YES;
				INFOPLIST_KEY_UILaunchScreen_Generation = YES;
				INFOPLIST_KEY_UISupportedInterfaceOrientations_iPad = "UIInterfaceOrientationPortrait UIInterfaceOrientationPortraitUpsideDown UIInterfaceOrientationLandscapeLeft UIInterfaceOrientationLandscapeRight";
				INFOPLIST_KEY_UISupportedInterfaceOrientations_iPhone = "UIInterfaceOrientationPortrait UIInterfaceOrientationLandscapeLeft UIInterfaceOrientationLandscapeRight";
				LD_RUNPATH_SEARCH_PATHS = (
					"$(inherited)",
					"@executable_path/Frameworks",
				);
				MARKETING_VERSION = 1.0;
				PRODUCT_BUNDLE_IDENTIFIER = io.zheref.CharTCA;
				PRODUCT_NAME = "$(TARGET_NAME)";
				SWIFT_EMIT_LOC_STRINGS = YES;
				SWIFT_VERSION = 5.0;
				TARGETED_DEVICE_FAMILY = "1,2";
			};
			name = Debug;
		};
		2B8A637028E393AB000FAB24 /* Release */ = {
			isa = XCBuildConfiguration;
			buildSettings = {
				ASSETCATALOG_COMPILER_APPICON_NAME = AppIcon;
				ASSETCATALOG_COMPILER_GLOBAL_ACCENT_COLOR_NAME = AccentColor;
				CODE_SIGN_STYLE = Automatic;
				CURRENT_PROJECT_VERSION = 1;
				DEVELOPMENT_ASSET_PATHS = "\"CharTCA/Preview Content\"";
				DEVELOPMENT_TEAM = AQUE4FE98B;
				ENABLE_PREVIEWS = YES;
				GENERATE_INFOPLIST_FILE = YES;
				INFOPLIST_KEY_UIApplicationSceneManifest_Generation = YES;
				INFOPLIST_KEY_UIApplicationSupportsIndirectInputEvents = YES;
				INFOPLIST_KEY_UILaunchScreen_Generation = YES;
				INFOPLIST_KEY_UISupportedInterfaceOrientations_iPad = "UIInterfaceOrientationPortrait UIInterfaceOrientationPortraitUpsideDown UIInterfaceOrientationLandscapeLeft UIInterfaceOrientationLandscapeRight";
				INFOPLIST_KEY_UISupportedInterfaceOrientations_iPhone = "UIInterfaceOrientationPortrait UIInterfaceOrientationLandscapeLeft UIInterfaceOrientationLandscapeRight";
				LD_RUNPATH_SEARCH_PATHS = (
					"$(inherited)",
					"@executable_path/Frameworks",
				);
				MARKETING_VERSION = 1.0;
				PRODUCT_BUNDLE_IDENTIFIER = io.zheref.CharTCA;
				PRODUCT_NAME = "$(TARGET_NAME)";
				SWIFT_EMIT_LOC_STRINGS = YES;
				SWIFT_VERSION = 5.0;
				TARGETED_DEVICE_FAMILY = "1,2";
			};
			name = Release;
		};
		2B8A637228E393AB000FAB24 /* Debug */ = {
			isa = XCBuildConfiguration;
			buildSettings = {
				ALWAYS_EMBED_SWIFT_STANDARD_LIBRARIES = YES;
				BUNDLE_LOADER = "$(TEST_HOST)";
				CODE_SIGN_STYLE = Automatic;
				CURRENT_PROJECT_VERSION = 1;
				DEVELOPMENT_TEAM = AQUE4FE98B;
				GENERATE_INFOPLIST_FILE = YES;
				IPHONEOS_DEPLOYMENT_TARGET = 16.0;
				MARKETING_VERSION = 1.0;
				PRODUCT_BUNDLE_IDENTIFIER = io.zheref.CharTCATests;
				PRODUCT_NAME = "$(TARGET_NAME)";
				SWIFT_EMIT_LOC_STRINGS = NO;
				SWIFT_VERSION = 5.0;
				TARGETED_DEVICE_FAMILY = "1,2";
				TEST_HOST = "$(BUILT_PRODUCTS_DIR)/CharTCA.app/$(BUNDLE_EXECUTABLE_FOLDER_PATH)/CharTCA";
			};
			name = Debug;
		};
		2B8A637328E393AB000FAB24 /* Release */ = {
			isa = XCBuildConfiguration;
			buildSettings = {
				ALWAYS_EMBED_SWIFT_STANDARD_LIBRARIES = YES;
				BUNDLE_LOADER = "$(TEST_HOST)";
				CODE_SIGN_STYLE = Automatic;
				CURRENT_PROJECT_VERSION = 1;
				DEVELOPMENT_TEAM = AQUE4FE98B;
				GENERATE_INFOPLIST_FILE = YES;
				IPHONEOS_DEPLOYMENT_TARGET = 16.0;
				MARKETING_VERSION = 1.0;
				PRODUCT_BUNDLE_IDENTIFIER = io.zheref.CharTCATests;
				PRODUCT_NAME = "$(TARGET_NAME)";
				SWIFT_EMIT_LOC_STRINGS = NO;
				SWIFT_VERSION = 5.0;
				TARGETED_DEVICE_FAMILY = "1,2";
				TEST_HOST = "$(BUILT_PRODUCTS_DIR)/CharTCA.app/$(BUNDLE_EXECUTABLE_FOLDER_PATH)/CharTCA";
			};
			name = Release;
		};
		2B8A637528E393AB000FAB24 /* Debug */ = {
			isa = XCBuildConfiguration;
			buildSettings = {
				ALWAYS_EMBED_SWIFT_STANDARD_LIBRARIES = YES;
				CODE_SIGN_STYLE = Automatic;
				CURRENT_PROJECT_VERSION = 1;
				DEVELOPMENT_TEAM = AQUE4FE98B;
				GENERATE_INFOPLIST_FILE = YES;
				MARKETING_VERSION = 1.0;
				PRODUCT_BUNDLE_IDENTIFIER = io.zheref.CharTCAUITests;
				PRODUCT_NAME = "$(TARGET_NAME)";
				SWIFT_EMIT_LOC_STRINGS = NO;
				SWIFT_VERSION = 5.0;
				TARGETED_DEVICE_FAMILY = "1,2";
				TEST_TARGET_NAME = CharTCA;
			};
			name = Debug;
		};
		2B8A637628E393AB000FAB24 /* Release */ = {
			isa = XCBuildConfiguration;
			buildSettings = {
				ALWAYS_EMBED_SWIFT_STANDARD_LIBRARIES = YES;
				CODE_SIGN_STYLE = Automatic;
				CURRENT_PROJECT_VERSION = 1;
				DEVELOPMENT_TEAM = AQUE4FE98B;
				GENERATE_INFOPLIST_FILE = YES;
				MARKETING_VERSION = 1.0;
				PRODUCT_BUNDLE_IDENTIFIER = io.zheref.CharTCAUITests;
				PRODUCT_NAME = "$(TARGET_NAME)";
				SWIFT_EMIT_LOC_STRINGS = NO;
				SWIFT_VERSION = 5.0;
				TARGETED_DEVICE_FAMILY = "1,2";
				TEST_TARGET_NAME = CharTCA;
			};
			name = Release;
		};
/* End XCBuildConfiguration section */

/* Begin XCConfigurationList section */
		2B8A634528E393A9000FAB24 /* Build configuration list for PBXProject "CharTCA" */ = {
			isa = XCConfigurationList;
			buildConfigurations = (
				2B8A636C28E393AB000FAB24 /* Debug */,
				2B8A636D28E393AB000FAB24 /* Release */,
			);
			defaultConfigurationIsVisible = 0;
			defaultConfigurationName = Release;
		};
		2B8A636E28E393AB000FAB24 /* Build configuration list for PBXNativeTarget "CharTCA" */ = {
			isa = XCConfigurationList;
			buildConfigurations = (
				2B8A636F28E393AB000FAB24 /* Debug */,
				2B8A637028E393AB000FAB24 /* Release */,
			);
			defaultConfigurationIsVisible = 0;
			defaultConfigurationName = Release;
		};
		2B8A637128E393AB000FAB24 /* Build configuration list for PBXNativeTarget "CharTCATests" */ = {
			isa = XCConfigurationList;
			buildConfigurations = (
				2B8A637228E393AB000FAB24 /* Debug */,
				2B8A637328E393AB000FAB24 /* Release */,
			);
			defaultConfigurationIsVisible = 0;
			defaultConfigurationName = Release;
		};
		2B8A637428E393AB000FAB24 /* Build configuration list for PBXNativeTarget "CharTCAUITests" */ = {
			isa = XCConfigurationList;
			buildConfigurations = (
				2B8A637528E393AB000FAB24 /* Debug */,
				2B8A637628E393AB000FAB24 /* Release */,
			);
			defaultConfigurationIsVisible = 0;
			defaultConfigurationName = Release;
		};
/* End XCConfigurationList section */
	};
	rootObject = 2B8A634228E393A9000FAB24 /* Project object */;
}
